
Microsoft Visual Studio Solution File, Format Version 12.00
# Visual Studio Version 17
VisualStudioVersion = 17.0.32014.148
MinimumVisualStudioVersion = 10.0.40219.1
Project("{FAE04EC0-301F-11D3-BF4B-00C04F79EFBC}") = "Figure", "Figure\Figure.csproj", "{95F11A48-08AD-4C95-90B4-7778D3759BA6}"
EndProject
Project("{FAE04EC0-301F-11D3-BF4B-00C04F79EFBC}") = "TestsFigure", "TestsFigure\TestsFigure.csproj", "{49C933DD-0544-4915-B287-A1B80C960F73}"
EndProject
Global
	GlobalSection(SolutionConfigurationPlatforms) = preSolution
		Debug|Any CPU = Debug|Any CPU
		Release|Any CPU = Release|Any CPU
	EndGlobalSection
	GlobalSection(ProjectConfigurationPlatforms) = postSolution
		{95F11A48-08AD-4C95-90B4-7778D3759BA6}.Debug|Any CPU.ActiveCfg = Debug|Any CPU
		{95F11A48-08AD-4C95-90B4-7778D3759BA6}.Debug|Any CPU.Build.0 = Debug|Any CPU
		{95F11A48-08AD-4C95-90B4-7778D3759BA6}.Release|Any CPU.ActiveCfg = Release|Any CPU
		{95F11A48-08AD-4C95-90B4-7778D3759BA6}.Release|Any CPU.Build.0 = Release|Any CPU
		{49C933DD-0544-4915-B287-A1B80C960F73}.Debug|Any CPU.ActiveCfg = Debug|Any CPU
		{49C933DD-0544-4915-B287-A1B80C960F73}.Debug|Any CPU.Build.0 = Debug|Any CPU
		{49C933DD-0544-4915-B287-A1B80C960F73}.Release|Any CPU.ActiveCfg = Release|Any CPU
		{49C933DD-0544-4915-B287-A1B80C960F73}.Release|Any CPU.Build.0 = Release|Any CPU
	EndGlobalSection
	GlobalSection(SolutionProperties) = preSolution
		HideSolutionNode = FALSE
	EndGlobalSection
	GlobalSection(ExtensibilityGlobals) = postSolution
		SolutionGuid = {C152E2D7-03EF-4198-AC47-C835905D63D3}
	EndGlobalSection
EndGlobal
